Microsoft Visual Studio Solution File, Format Version 12.00
# Visual Studio Version 17
VisualStudioVersion = 17.5.2.0
MinimumVisualStudioVersion = 10.0.40219.1
Project("{FAE04EC0-301F-11D3-BF4B-00C04F79EFBC}") = "TatankaDefender", "SalDefender.csproj", "{FDFEB3C5-C42A-2486-8EEA-335EBF72E8FB}"
EndProject
Global
	GlobalSection(SolutionConfigurationPlatforms) = preSolution
		Debug|Any CPU = Debug|Any CPU
		Release|Any CPU = Release|Any CPU
	EndGlobalSection
	GlobalSection(ProjectConfigurationPlatforms) = postSolution
		{FDFEB3C5-C42A-2486-8EEA-335EBF72E8FB}.Debug|Any CPU.ActiveCfg = Debug|Any CPU
		{FDFEB3C5-C42A-2486-8EEA-335EBF72E8FB}.Debug|Any CPU.Build.0 = Debug|Any CPU
		{FDFEB3C5-C42A-2486-8EEA-335EBF72E8FB}.Release|Any CPU.ActiveCfg = Release|Any CPU
		{FDFEB3C5-C42A-2486-8EEA-335EBF72E8FB}.Release|Any CPU.Build.0 = Release|Any CPU
	EndGlobalSection
	GlobalSection(SolutionProperties) = preSolution
		HideSolutionNode = FALSE
	EndGlobalSection
	GlobalSection(ExtensibilityGlobals) = postSolution
		SolutionGuid = {60BA69F1-F9D6-40D1-9921-3B4CDE4F00C6}
	EndGlobalSection
EndGlobal
